
Microsoft Visual Studio Solution File, Format Version 12.00
# Visual Studio Version 16
VisualStudioVersion = 16.0.30225.117
MinimumVisualStudioVersion = 10.0.40219.1
Project("{9A19103F-16F7-4668-BE54-9A1E7A4F7556}") = "RuneSolver", "RuneSolver\RuneSolver.csproj", "{F2FC2BED-37CC-49B4-9932-61EB0248560D}"
EndProject
Project("{FAE04EC0-301F-11D3-BF4B-00C04F79EFBC}") = "RuneSolverUI", "RuneSolverUI\RuneSolverUI.csproj", "{0A684C39-1BC2-493B-9191-3F00C7E03F8A}"
EndProject
Global
	GlobalSection(SolutionConfigurationPlatforms) = preSolution
		Debug|Any CPU = Debug|Any CPU
		Release|Any CPU = Release|Any CPU
	EndGlobalSection
	GlobalSection(ProjectConfigurationPlatforms) = postSolution
		{F2FC2BED-37CC-49B4-9932-61EB0248560D}.Debug|Any CPU.ActiveCfg = Debug|Any CPU
		{F2FC2BED-37CC-49B4-9932-61EB0248560D}.Debug|Any CPU.Build.0 = Debug|Any CPU
		{F2FC2BED-37CC-49B4-9932-61EB0248560D}.Release|Any CPU.ActiveCfg = Release|Any CPU
		{F2FC2BED-37CC-49B4-9932-61EB0248560D}.Release|Any CPU.Build.0 = Release|Any CPU
		{0A684C39-1BC2-493B-9191-3F00C7E03F8A}.Debug|Any CPU.ActiveCfg = Debug|Any CPU
		{0A684C39-1BC2-493B-9191-3F00C7E03F8A}.Debug|Any CPU.Build.0 = Debug|Any CPU
		{0A684C39-1BC2-493B-9191-3F00C7E03F8A}.Release|Any CPU.ActiveCfg = Release|Any CPU
		{0A684C39-1BC2-493B-9191-3F00C7E03F8A}.Release|Any CPU.Build.0 = Release|Any CPU
	EndGlobalSection
	GlobalSection(SolutionProperties) = preSolution
		HideSolutionNode = FALSE
	EndGlobalSection
	GlobalSection(ExtensibilityGlobals) = postSolution
		SolutionGuid = {21033F2C-E448-4E38-9259-8BA829DE421C}
	EndGlobalSection
EndGlobal
